{
  "version": 4,
  "terraform_version": "1.1.9",
  "serial": 57,
  "lineage": "3c4d341a-8854-e02f-5a79-242065810585",
  "outputs": {},
  "resources": [
    {
      "mode": "managed",
      "type": "aws_cognito_identity_pool",
      "name": "cognitog",
      "provider": "provider[\"registry.terraform.io/hashicorp/aws\"]",
      "instances": [
        {
          "schema_version": 0,
          "attributes": {
            "allow_classic_flow": false,
            "allow_unauthenticated_identities": false,
            "arn": "arn:aws:cognito-identity:us-east-1:723455730481:identitypool/us-east-1:c37cae27-5e4c-41f3-a2cb-4254e62e757f",
            "cognito_identity_providers": [
              {
                "client_id": "7qb4fmq2lt5jgghigbrra9c1pn",
                "provider_name": "cognito-idp.us-east-1.amazonaws.com/us-east-1_jZy82wKV0",
                "server_side_token_check": false
              }
            ],
            "developer_provider_name": "",
            "id": "us-east-1:c37cae27-5e4c-41f3-a2cb-4254e62e757f",
            "identity_pool_name": "identity pool",
            "openid_connect_provider_arns": [],
            "saml_provider_arns": [],
            "supported_login_providers": {
              "graph.facebook.com": "7346241598935555"
            },
            "tags": {},
            "tags_all": {}
          },
          "sensitive_attributes": [],
          "private": "bnVsbA==",
          "dependencies": [
            "aws_cognito_user_pool.cognitog",
            "aws_cognito_user_pool_client.cognitog"
          ]
        }
      ]
    },
    {
      "mode": "managed",
      "type": "aws_cognito_identity_pool_provider_principal_tag",
      "name": "cognitog",
      "provider": "provider[\"registry.terraform.io/hashicorp/aws\"]",
      "instances": [
        {
          "schema_version": 0,
          "attributes": {
            "id": "us-east-1:c37cae27-5e4c-41f3-a2cb-4254e62e757f:cognito-idp.us-east-1.amazonaws.com/us-east-1_jZy82wKV0",
            "identity_pool_id": "us-east-1:c37cae27-5e4c-41f3-a2cb-4254e62e757f",
            "identity_provider_name": "cognito-idp.us-east-1.amazonaws.com/us-east-1_jZy82wKV0",
            "principal_tags": {
              "test": "value"
            },
            "use_defaults": false
          },
          "sensitive_attributes": [],
          "private": "bnVsbA==",
          "dependencies": [
            "aws_cognito_identity_pool.cognitog",
            "aws_cognito_user_pool.cognitog",
            "aws_cognito_user_pool_client.cognitog"
          ]
        }
      ]
    },
    {
      "mode": "managed",
      "type": "aws_cognito_identity_pool_roles_attachment",
      "name": "cognitog",
      "provider": "provider[\"registry.terraform.io/hashicorp/aws\"]",
      "instances": []
    },
    {
      "mode": "managed",
      "type": "aws_cognito_identity_provider",
      "name": "user_providers",
      "provider": "provider[\"registry.terraform.io/hashicorp/aws\"]",
      "instances": [
        {
          "schema_version": 0,
          "attributes": {
            "attribute_mapping": {
              "email": "email",
              "username": "sub"
            },
            "id": "us-east-1_jZy82wKV0:Google",
            "idp_identifiers": [],
            "provider_details": {
              "attributes_url": "https://people.googleapis.com/v1/people/me?personFields=",
              "attributes_url_add_attributes": "true",
              "authorize_scopes": "email",
              "authorize_url": "https://accounts.google.com/o/oauth2/v2/auth",
              "client_id": "your client_id",
              "client_secret": "your client_secret",
              "oidc_issuer": "https://accounts.google.com",
              "token_request_method": "POST",
              "token_url": "https://www.googleapis.com/oauth2/v4/token"
            },
            "provider_name": "Google",
            "provider_type": "Google",
            "user_pool_id": "us-east-1_jZy82wKV0"
          },
          "sensitive_attributes": [],
          "private": "bnVsbA==",
          "dependencies": [
            "aws_cognito_user_pool.cognitog"
          ]
        }
      ]
    },
    {
      "mode": "managed",
      "type": "aws_cognito_user_pool",
      "name": "cognitog",
      "provider": "provider[\"registry.terraform.io/hashicorp/aws\"]",
      "instances": [
        {
          "schema_version": 0,
          "attributes": {
            "account_recovery_setting": [],
            "admin_create_user_config": [
              {
                "allow_admin_create_user_only": false,
                "invite_message_template": []
              }
            ],
            "alias_attributes": null,
            "arn": "arn:aws:cognito-idp:us-east-1:723455730481:userpool/us-east-1_jZy82wKV0",
            "auto_verified_attributes": [
              "email"
            ],
            "creation_date": "2022-05-12T08:25:20Z",
            "custom_domain": "",
            "device_configuration": [],
            "domain": "",
            "email_configuration": [
              {
                "configuration_set": "",
                "email_sending_account": "COGNITO_DEFAULT",
                "from_email_address": "",
                "reply_to_email_address": "",
                "source_arn": ""
              }
            ],
            "email_verification_message": null,
            "email_verification_subject": null,
            "endpoint": "cognito-idp.us-east-1.amazonaws.com/us-east-1_jZy82wKV0",
            "estimated_number_of_users": 0,
            "id": "us-east-1_jZy82wKV0",
            "lambda_config": [],
            "last_modified_date": "2022-05-12T08:25:20Z",
            "mfa_configuration": "OFF",
            "name": "user pool",
            "password_policy": [
              {
                "minimum_length": 8,
                "require_lowercase": true,
                "require_numbers": true,
                "require_symbols": true,
                "require_uppercase": true,
                "temporary_password_validity_days": 7
              }
            ],
            "schema": [],
            "sms_authentication_message": null,
            "sms_configuration": [],
            "sms_verification_message": null,
            "software_token_mfa_configuration": [],
            "tags": {},
            "tags_all": {},
            "user_pool_add_ons": [],
            "username_attributes": null,
            "username_configuration": [],
            "verification_message_template": [
              {
                "default_email_option": "CONFIRM_WITH_CODE",
                "email_message": "",
                "email_message_by_link": "",
                "email_subject": "",
                "email_subject_by_link": "",
                "sms_message": ""
              }
            ]
          },
          "sensitive_attributes": [],
          "private": "bnVsbA=="
        }
      ]
    },
    {
      "mode": "managed",
      "type": "aws_cognito_user_pool_client",
      "name": "cognitog",
      "provider": "provider[\"registry.terraform.io/hashicorp/aws\"]",
      "instances": [
        {
          "schema_version": 0,
          "attributes": {
            "access_token_validity": 0,
            "allowed_oauth_flows": [],
            "allowed_oauth_flows_user_pool_client": false,
            "allowed_oauth_scopes": [],
            "analytics_configuration": [],
            "callback_urls": [],
            "client_secret": "",
            "default_redirect_uri": "",
            "enable_token_revocation": true,
            "explicit_auth_flows": [],
            "generate_secret": null,
            "id": "7qb4fmq2lt5jgghigbrra9c1pn",
            "id_token_validity": 0,
            "logout_urls": [],
            "name": "client",
            "prevent_user_existence_errors": "",
            "read_attributes": [],
            "refresh_token_validity": 30,
            "supported_identity_providers": [
              "COGNITO"
            ],
            "token_validity_units": [],
            "user_pool_id": "us-east-1_jZy82wKV0",
            "write_attributes": []
          },
          "sensitive_attributes": [],
          "private": "bnVsbA==",
          "dependencies": [
            "aws_cognito_user_pool.cognitog"
          ]
        }
      ]
    },
    {
      "mode": "managed",
      "type": "aws_iam_role_policy",
      "name": "authenticated",
      "provider": "provider[\"registry.terraform.io/hashicorp/aws\"]",
      "instances": []
    }
  ]
}
